// !$*UTF8*$!
{
	archiveVersion = 1;
	classes = {
	};
	objectVersion = 54;
	objects = {

/* Begin PBXBuildFile section */
		3B46EEFC250A735F0077B2FB /* AppDelegate.swift in Sources */ = {isa = PBXBuildFile; fileRef = 3B46EEFB250A735F0077B2FB /* AppDelegate.swift */; };
		3B46EF00250A735F0077B2FB /* DemoPlaybackViewController.swift in Sources */ = {isa = PBXBuildFile; fileRef = 3B46EEFF250A735F0077B2FB /* DemoPlaybackViewController.swift */; };
		3B46EF05250A73620077B2FB /* Assets.xcassets in Resources */ = {isa = PBXBuildFile; fileRef = 3B46EF04250A73620077B2FB /* Assets.xcassets */; };
		3B46EF08250A73620077B2FB /* LaunchScreen.storyboard in Resources */ = {isa = PBXBuildFile; fileRef = 3B46EF06250A73620077B2FB /* LaunchScreen.storyboard */; };
		87BE605D2B63CD7B006EE1D0 /* AdsMacroHeadersBuilder.swift in Sources */ = {isa = PBXBuildFile; fileRef = 87BE605C2B63CD7B006EE1D0 /* AdsMacroHeadersBuilder.swift */; };
		DF39C6EF29BA0F2200A4CF76 /* UIView+autolayoutSize.swift in Sources */ = {isa = PBXBuildFile; fileRef = DF39C6CC29BA0F2200A4CF76 /* UIView+autolayoutSize.swift */; };
		DF39C6F029BA0F2200A4CF76 /* UIView+Anchors.swift in Sources */ = {isa = PBXBuildFile; fileRef = DF39C6CD29BA0F2200A4CF76 /* UIView+Anchors.swift */; };
		DF39C6F229BA0F2200A4CF76 /* UIView+ReturnAnchors.swift in Sources */ = {isa = PBXBuildFile; fileRef = DF39C6CF29BA0F2200A4CF76 /* UIView+ReturnAnchors.swift */; };
		DF39C6F329BA0F2200A4CF76 /* UIView+ReuseIdentifier.swift in Sources */ = {isa = PBXBuildFile; fileRef = DF39C6D029BA0F2200A4CF76 /* UIView+ReuseIdentifier.swift */; };
		DF39C6F429BA0F2200A4CF76 /* UIView+LayoutGuide.swift in Sources */ = {isa = PBXBuildFile; fileRef = DF39C6D129BA0F2200A4CF76 /* UIView+LayoutGuide.swift */; };
		DF39C6F529BA0F2200A4CF76 /* UIControl+closure.swift in Sources */ = {isa = PBXBuildFile; fileRef = DF39C6D229BA0F2200A4CF76 /* UIControl+closure.swift */; };
		DF39C6F629BA0F2200A4CF76 /* UIView+Subviews.swift in Sources */ = {isa = PBXBuildFile; fileRef = DF39C6D329BA0F2200A4CF76 /* UIView+Subviews.swift */; };
		DF39C6F829BA0F2200A4CF76 /* BaseViewController.swift in Sources */ = {isa = PBXBuildFile; fileRef = DF39C6D729BA0F2200A4CF76 /* BaseViewController.swift */; };
		DF39C6F929BA0F2200A4CF76 /* BaseTableViewCell.swift in Sources */ = {isa = PBXBuildFile; fileRef = DF39C6D829BA0F2200A4CF76 /* BaseTableViewCell.swift */; };
		DF39C6FB29BA0F2200A4CF76 /* ScrollableView.swift in Sources */ = {isa = PBXBuildFile; fileRef = DF39C6DA29BA0F2200A4CF76 /* ScrollableView.swift */; };
		DF39C6FC29BA0F2200A4CF76 /* BaseView.swift in Sources */ = {isa = PBXBuildFile; fileRef = DF39C6DB29BA0F2200A4CF76 /* BaseView.swift */; };
		DF39C6FE29BA0F2200A4CF76 /* DownloadsPresenter.swift in Sources */ = {isa = PBXBuildFile; fileRef = DF39C6DE29BA0F2200A4CF76 /* DownloadsPresenter.swift */; };
		DF39C6FF29BA0F2200A4CF76 /* DownloadTableViewCell.swift in Sources */ = {isa = PBXBuildFile; fileRef = DF39C6DF29BA0F2200A4CF76 /* DownloadTableViewCell.swift */; };
		DF39C70029BA0F2200A4CF76 /* DownloadsViewController.swift in Sources */ = {isa = PBXBuildFile; fileRef = DF39C6E029BA0F2200A4CF76 /* DownloadsViewController.swift */; };
		DF39C70129BA0F2200A4CF76 /* TabBarController.swift in Sources */ = {isa = PBXBuildFile; fileRef = DF39C6E229BA0F2200A4CF76 /* TabBarController.swift */; };
		DF39C70729BA0F2200A4CF76 /* NetworkingManager.swift in Sources */ = {isa = PBXBuildFile; fileRef = DF39C6EB29BA0F2200A4CF76 /* NetworkingManager.swift */; };
		DF39C70829BA0F2200A4CF76 /* LoadingOverlay.swift in Sources */ = {isa = PBXBuildFile; fileRef = DF39C6ED29BA0F2200A4CF76 /* LoadingOverlay.swift */; };
		DF39C70B29BA0F5E00A4CF76 /* Constants.swift in Sources */ = {isa = PBXBuildFile; fileRef = DF39C70A29BA0F5E00A4CF76 /* Constants.swift */; };
		DF39C70E29BA1F4600A4CF76 /* UITableview+generics.swift in Sources */ = {isa = PBXBuildFile; fileRef = DF39C70D29BA1F4600A4CF76 /* UITableview+generics.swift */; };
		DF51767129CC8B6300DE2BD6 /* DicePlaybackViewController.swift in Sources */ = {isa = PBXBuildFile; fileRef = DF51767029CC8B6300DE2BD6 /* DicePlaybackViewController.swift */; };
		DF51767329CC9EC100DE2BD6 /* UIView+keyboard.swift in Sources */ = {isa = PBXBuildFile; fileRef = DF51767229CC9EC100DE2BD6 /* UIView+keyboard.swift */; };
		DF7DCA5C2C25D47A001EBA8B /* VesperPlayerViewController.swift in Sources */ = {isa = PBXBuildFile; fileRef = DF7DCA5B2C25D47A001EBA8B /* VesperPlayerViewController.swift */; };
		DFB8439328CB8E87003BDC74 /* CustomAVPlayerViewController.swift in Sources */ = {isa = PBXBuildFile; fileRef = DFB8439228CB8E87003BDC74 /* CustomAVPlayerViewController.swift */; };
		DFEC0FB1298191830016E73D /* Dictionary+prettyPrinted.swift in Sources */ = {isa = PBXBuildFile; fileRef = DFEC0FB0298191830016E73D /* Dictionary+prettyPrinted.swift */; };
		E64328493010F67B9D6D664C /* Pods_AVDorisTestPlayer.framework in Frameworks */ = {isa = PBXBuildFile; fileRef = C1CEDBEE77B52A39318D1423 /* Pods_AVDorisTestPlayer.framework */; };
/* End PBXBuildFile section */

/* Begin PBXFileReference section */
		355F6F4EA3C07D0D17954E30 /* Pods-AVDorisTestPlayer.debug.xcconfig */ = {isa = PBXFileReference; includeInIndex = 1; lastKnownFileType = text.xcconfig; name = "Pods-AVDorisTestPlayer.debug.xcconfig"; path = "Target Support Files/Pods-AVDorisTestPlayer/Pods-AVDorisTestPlayer.debug.xcconfig"; sourceTree = "<group>"; };
		3B46EEF8250A735E0077B2FB /* AVDorisTestPlayer.app */ = {isa = PBXFileReference; explicitFileType = wrapper.application; includeInIndex = 0; path = AVDorisTestPlayer.app; sourceTree = BUILT_PRODUCTS_DIR; };
		3B46EEFB250A735F0077B2FB /* AppDelegate.swift */ = {isa = PBXFileReference; lastKnownFileType = sourcecode.swift; path = AppDelegate.swift; sourceTree = "<group>"; };
		3B46EEFF250A735F0077B2FB /* DemoPlaybackViewController.swift */ = {isa = PBXFileReference; lastKnownFileType = sourcecode.swift; path = DemoPlaybackViewController.swift; sourceTree = "<group>"; };
		3B46EF04250A73620077B2FB /* Assets.xcassets */ = {isa = PBXFileReference; lastKnownFileType = folder.assetcatalog; path = Assets.xcassets; sourceTree = "<group>"; };
		3B46EF07250A73620077B2FB /* Base */ = {isa = PBXFileReference; lastKnownFileType = file.storyboard; name = Base; path = Base.lproj/LaunchScreen.storyboard; sourceTree = "<group>"; };
		3B46EF09250A73620077B2FB /* Info.plist */ = {isa = PBXFileReference; lastKnownFileType = text.plist.xml; path = Info.plist; sourceTree = "<group>"; };
		7E77BD89ACC616CCB3609504 /* Pods-AVDorisTestPlayer.release.xcconfig */ = {isa = PBXFileReference; includeInIndex = 1; lastKnownFileType = text.xcconfig; name = "Pods-AVDorisTestPlayer.release.xcconfig"; path = "Target Support Files/Pods-AVDorisTestPlayer/Pods-AVDorisTestPlayer.release.xcconfig"; sourceTree = "<group>"; };
		87BE605C2B63CD7B006EE1D0 /* AdsMacroHeadersBuilder.swift */ = {isa = PBXFileReference; lastKnownFileType = sourcecode.swift; path = AdsMacroHeadersBuilder.swift; sourceTree = "<group>"; };
		C1CEDBEE77B52A39318D1423 /* Pods_AVDorisTestPlayer.framework */ = {isa = PBXFileReference; explicitFileType = wrapper.framework; includeInIndex = 0; path = Pods_AVDorisTestPlayer.framework; sourceTree = BUILT_PRODUCTS_DIR; };
		DF3616232981489700F2B5BD /* AVDorisTestPlayer.entitlements */ = {isa = PBXFileReference; lastKnownFileType = text.plist.entitlements; name = AVDorisTestPlayer.entitlements; path = ../../../../.Trash/AVDorisTestPlayer.entitlements; sourceTree = "<group>"; };
		DF39C6CC29BA0F2200A4CF76 /* UIView+autolayoutSize.swift */ = {isa = PBXFileReference; fileEncoding = 4; lastKnownFileType = sourcecode.swift; path = "UIView+autolayoutSize.swift"; sourceTree = "<group>"; };
		DF39C6CD29BA0F2200A4CF76 /* UIView+Anchors.swift */ = {isa = PBXFileReference; fileEncoding = 4; lastKnownFileType = sourcecode.swift; path = "UIView+Anchors.swift"; sourceTree = "<group>"; };
		DF39C6CF29BA0F2200A4CF76 /* UIView+ReturnAnchors.swift */ = {isa = PBXFileReference; fileEncoding = 4; lastKnownFileType = sourcecode.swift; path = "UIView+ReturnAnchors.swift"; sourceTree = "<group>"; };
		DF39C6D029BA0F2200A4CF76 /* UIView+ReuseIdentifier.swift */ = {isa = PBXFileReference; fileEncoding = 4; lastKnownFileType = sourcecode.swift; path = "UIView+ReuseIdentifier.swift"; sourceTree = "<group>"; };
		DF39C6D129BA0F2200A4CF76 /* UIView+LayoutGuide.swift */ = {isa = PBXFileReference; fileEncoding = 4; lastKnownFileType = sourcecode.swift; path = "UIView+LayoutGuide.swift"; sourceTree = "<group>"; };
		DF39C6D229BA0F2200A4CF76 /* UIControl+closure.swift */ = {isa = PBXFileReference; fileEncoding = 4; lastKnownFileType = sourcecode.swift; path = "UIControl+closure.swift"; sourceTree = "<group>"; };
		DF39C6D329BA0F2200A4CF76 /* UIView+Subviews.swift */ = {isa = PBXFileReference; fileEncoding = 4; lastKnownFileType = sourcecode.swift; path = "UIView+Subviews.swift"; sourceTree = "<group>"; };
		DF39C6D729BA0F2200A4CF76 /* BaseViewController.swift */ = {isa = PBXFileReference; fileEncoding = 4; lastKnownFileType = sourcecode.swift; path = BaseViewController.swift; sourceTree = "<group>"; };
		DF39C6D829BA0F2200A4CF76 /* BaseTableViewCell.swift */ = {isa = PBXFileReference; fileEncoding = 4; lastKnownFileType = sourcecode.swift; path = BaseTableViewCell.swift; sourceTree = "<group>"; };
		DF39C6DA29BA0F2200A4CF76 /* ScrollableView.swift */ = {isa = PBXFileReference; fileEncoding = 4; lastKnownFileType = sourcecode.swift; path = ScrollableView.swift; sourceTree = "<group>"; };
		DF39C6DB29BA0F2200A4CF76 /* BaseView.swift */ = {isa = PBXFileReference; fileEncoding = 4; lastKnownFileType = sourcecode.swift; path = BaseView.swift; sourceTree = "<group>"; };
		DF39C6DE29BA0F2200A4CF76 /* DownloadsPresenter.swift */ = {isa = PBXFileReference; fileEncoding = 4; lastKnownFileType = sourcecode.swift; path = DownloadsPresenter.swift; sourceTree = "<group>"; };
		DF39C6DF29BA0F2200A4CF76 /* DownloadTableViewCell.swift */ = {isa = PBXFileReference; fileEncoding = 4; lastKnownFileType = sourcecode.swift; path = DownloadTableViewCell.swift; sourceTree = "<group>"; };
		DF39C6E029BA0F2200A4CF76 /* DownloadsViewController.swift */ = {isa = PBXFileReference; fileEncoding = 4; lastKnownFileType = sourcecode.swift; path = DownloadsViewController.swift; sourceTree = "<group>"; };
		DF39C6E229BA0F2200A4CF76 /* TabBarController.swift */ = {isa = PBXFileReference; fileEncoding = 4; lastKnownFileType = sourcecode.swift; path = TabBarController.swift; sourceTree = "<group>"; };
		DF39C6EB29BA0F2200A4CF76 /* NetworkingManager.swift */ = {isa = PBXFileReference; fileEncoding = 4; lastKnownFileType = sourcecode.swift; path = NetworkingManager.swift; sourceTree = "<group>"; };
		DF39C6ED29BA0F2200A4CF76 /* LoadingOverlay.swift */ = {isa = PBXFileReference; fileEncoding = 4; lastKnownFileType = sourcecode.swift; path = LoadingOverlay.swift; sourceTree = "<group>"; };
		DF39C70A29BA0F5E00A4CF76 /* Constants.swift */ = {isa = PBXFileReference; fileEncoding = 4; lastKnownFileType = sourcecode.swift; path = Constants.swift; sourceTree = "<group>"; };
		DF39C70D29BA1F4600A4CF76 /* UITableview+generics.swift */ = {isa = PBXFileReference; lastKnownFileType = sourcecode.swift; path = "UITableview+generics.swift"; sourceTree = "<group>"; };
		DF51767029CC8B6300DE2BD6 /* DicePlaybackViewController.swift */ = {isa = PBXFileReference; lastKnownFileType = sourcecode.swift; path = DicePlaybackViewController.swift; sourceTree = "<group>"; };
		DF51767229CC9EC100DE2BD6 /* UIView+keyboard.swift */ = {isa = PBXFileReference; lastKnownFileType = sourcecode.swift; path = "UIView+keyboard.swift"; sourceTree = "<group>"; };
		DF7DCA5B2C25D47A001EBA8B /* VesperPlayerViewController.swift */ = {isa = PBXFileReference; lastKnownFileType = sourcecode.swift; path = VesperPlayerViewController.swift; sourceTree = "<group>"; };
		DFB8439228CB8E87003BDC74 /* CustomAVPlayerViewController.swift */ = {isa = PBXFileReference; lastKnownFileType = sourcecode.swift; path = CustomAVPlayerViewController.swift; sourceTree = "<group>"; };
		DFEC0FB0298191830016E73D /* Dictionary+prettyPrinted.swift */ = {isa = PBXFileReference; lastKnownFileType = sourcecode.swift; path = "Dictionary+prettyPrinted.swift"; sourceTree = "<group>"; };
/* End PBXFileReference section */

/* Begin PBXFrameworksBuildPhase section */
		3B46EEF5250A735E0077B2FB /* Frameworks */ = {
			isa = PBXFrameworksBuildPhase;
			buildActionMask = 2147483647;
			files = (
				E64328493010F67B9D6D664C /* Pods_AVDorisTestPlayer.framework in Frameworks */,
			);
			runOnlyForDeploymentPostprocessing = 0;
		};
/* End PBXFrameworksBuildPhase section */

/* Begin PBXGroup section */
		3B46EEEF250A735E0077B2FB = {
			isa = PBXGroup;
			children = (
				3B46EEFA250A735E0077B2FB /* AVDorisTestPlayer */,
				3B46EEF9250A735E0077B2FB /* Products */,
				BB4E7EC729E2B6921D63C926 /* Pods */,
				EB8D0BFDEE37849EEC8B4E42 /* Frameworks */,
			);
			sourceTree = "<group>";
		};
		3B46EEF9250A735E0077B2FB /* Products */ = {
			isa = PBXGroup;
			children = (
				3B46EEF8250A735E0077B2FB /* AVDorisTestPlayer.app */,
			);
			name = Products;
			sourceTree = "<group>";
		};
		3B46EEFA250A735E0077B2FB /* AVDorisTestPlayer */ = {
			isa = PBXGroup;
			children = (
				DF3616232981489700F2B5BD /* AVDorisTestPlayer.entitlements */,
				3B46EEFB250A735F0077B2FB /* AppDelegate.swift */,
				DF39C6E229BA0F2200A4CF76 /* TabBarController.swift */,
				DF39C70F29BB69F700A4CF76 /* Playback */,
				DF39C6CA29BA0EEF00A4CF76 /* D2G */,
				DFEC0FAF298191690016E73D /* Extensions */,
				3B46EF04250A73620077B2FB /* Assets.xcassets */,
				3B46EF06250A73620077B2FB /* LaunchScreen.storyboard */,
				3B46EF09250A73620077B2FB /* Info.plist */,
			);
			path = AVDorisTestPlayer;
			sourceTree = "<group>";
		};
		BB4E7EC729E2B6921D63C926 /* Pods */ = {
			isa = PBXGroup;
			children = (
				355F6F4EA3C07D0D17954E30 /* Pods-AVDorisTestPlayer.debug.xcconfig */,
				7E77BD89ACC616CCB3609504 /* Pods-AVDorisTestPlayer.release.xcconfig */,
			);
			path = Pods;
			sourceTree = "<group>";
		};
		DF39C6CA29BA0EEF00A4CF76 /* D2G */ = {
			isa = PBXGroup;
			children = (
				DF39C70A29BA0F5E00A4CF76 /* Constants.swift */,
				DF39C6D629BA0F2200A4CF76 /* Base */,
				DF39C6DC29BA0F2200A4CF76 /* Downloads */,
				DF39C6EA29BA0F2200A4CF76 /* Networking */,
				DF39C6EC29BA0F2200A4CF76 /* Utils */,
			);
			path = D2G;
			sourceTree = "<group>";
		};
		DF39C6D629BA0F2200A4CF76 /* Base */ = {
			isa = PBXGroup;
			children = (
				DF39C6D729BA0F2200A4CF76 /* BaseViewController.swift */,
				DF39C6D829BA0F2200A4CF76 /* BaseTableViewCell.swift */,
				DF39C6DA29BA0F2200A4CF76 /* ScrollableView.swift */,
				DF39C6DB29BA0F2200A4CF76 /* BaseView.swift */,
			);
			path = Base;
			sourceTree = "<group>";
		};
		DF39C6DC29BA0F2200A4CF76 /* Downloads */ = {
			isa = PBXGroup;
			children = (
				DF39C6DE29BA0F2200A4CF76 /* DownloadsPresenter.swift */,
				DF39C6DF29BA0F2200A4CF76 /* DownloadTableViewCell.swift */,
				DF39C6E029BA0F2200A4CF76 /* DownloadsViewController.swift */,
			);
			path = Downloads;
			sourceTree = "<group>";
		};
		DF39C6EA29BA0F2200A4CF76 /* Networking */ = {
			isa = PBXGroup;
			children = (
				DF39C6EB29BA0F2200A4CF76 /* NetworkingManager.swift */,
				87BE605C2B63CD7B006EE1D0 /* AdsMacroHeadersBuilder.swift */,
			);
			path = Networking;
			sourceTree = "<group>";
		};
		DF39C6EC29BA0F2200A4CF76 /* Utils */ = {
			isa = PBXGroup;
			children = (
				DF39C6ED29BA0F2200A4CF76 /* LoadingOverlay.swift */,
			);
			path = Utils;
			sourceTree = "<group>";
		};
		DF39C70F29BB69F700A4CF76 /* Playback */ = {
			isa = PBXGroup;
			children = (
				3B46EEFF250A735F0077B2FB /* DemoPlaybackViewController.swift */,
				DFB8439228CB8E87003BDC74 /* CustomAVPlayerViewController.swift */,
				DF51767029CC8B6300DE2BD6 /* DicePlaybackViewController.swift */,
				DF7DCA5B2C25D47A001EBA8B /* VesperPlayerViewController.swift */,
			);
			path = Playback;
			sourceTree = "<group>";
		};
		DFEC0FAF298191690016E73D /* Extensions */ = {
			isa = PBXGroup;
			children = (
				DF39C6CC29BA0F2200A4CF76 /* UIView+autolayoutSize.swift */,
				DF39C6CD29BA0F2200A4CF76 /* UIView+Anchors.swift */,
				DF39C6CF29BA0F2200A4CF76 /* UIView+ReturnAnchors.swift */,
				DF39C6D029BA0F2200A4CF76 /* UIView+ReuseIdentifier.swift */,
				DF39C6D129BA0F2200A4CF76 /* UIView+LayoutGuide.swift */,
				DF51767229CC9EC100DE2BD6 /* UIView+keyboard.swift */,
				DF39C6D229BA0F2200A4CF76 /* UIControl+closure.swift */,
				DF39C6D329BA0F2200A4CF76 /* UIView+Subviews.swift */,
				DF39C70D29BA1F4600A4CF76 /* UITableview+generics.swift */,
				DFEC0FB0298191830016E73D /* Dictionary+prettyPrinted.swift */,
			);
			path = Extensions;
			sourceTree = "<group>";
		};
		EB8D0BFDEE37849EEC8B4E42 /* Frameworks */ = {
			isa = PBXGroup;
			children = (
				C1CEDBEE77B52A39318D1423 /* Pods_AVDorisTestPlayer.framework */,
			);
			name = Frameworks;
			sourceTree = "<group>";
		};
/* End PBXGroup section */

/* Begin PBXNativeTarget section */
		3B46EEF7250A735E0077B2FB /* AVDorisTestPlayer */ = {
			isa = PBXNativeTarget;
			buildConfigurationList = 3B46EF0C250A73620077B2FB /* Build configuration list for PBXNativeTarget "AVDorisTestPlayer" */;
			buildPhases = (
				0C0A1898C633505FA82B4C9C /* [CP] Check Pods Manifest.lock */,
				3B46EEF4250A735E0077B2FB /* Sources */,
				3B46EEF5250A735E0077B2FB /* Frameworks */,
				3B46EEF6250A735E0077B2FB /* Resources */,
				7E684F52F46934E89618493C /* [CP] Embed Pods Frameworks */,
				EF2696C8AE2907E67BFF9DBD /* [CP] Copy Pods Resources */,
			);
			buildRules = (
			);
			dependencies = (
			);
			name = AVDorisTestPlayer;
			productName = AVDorisTestPlayer;
			productReference = 3B46EEF8250A735E0077B2FB /* AVDorisTestPlayer.app */;
			productType = "com.apple.product-type.application";
		};
/* End PBXNativeTarget section */

/* Begin PBXProject section */
		3B46EEF0250A735E0077B2FB /* Project object */ = {
			isa = PBXProject;
			attributes = {
				LastSwiftUpdateCheck = 1170;
				LastUpgradeCheck = 1170;
				ORGANIZATIONNAME = "Endeavor Streaming";
				TargetAttributes = {
					3B46EEF7250A735E0077B2FB = {
						CreatedOnToolsVersion = 11.7;
					};
				};
			};
			buildConfigurationList = 3B46EEF3250A735E0077B2FB /* Build configuration list for PBXProject "AVDorisTestPlayer" */;
			compatibilityVersion = "Xcode 9.3";
			developmentRegion = en;
			hasScannedForEncodings = 0;
			knownRegions = (
				en,
				Base,
			);
			mainGroup = 3B46EEEF250A735E0077B2FB;
			productRefGroup = 3B46EEF9250A735E0077B2FB /* Products */;
			projectDirPath = "";
			projectRoot = "";
			targets = (
				3B46EEF7250A735E0077B2FB /* AVDorisTestPlayer */,
			);
		};
/* End PBXProject section */

/* Begin PBXResourcesBuildPhase section */
		3B46EEF6250A735E0077B2FB /* Resources */ = {
			isa = PBXResourcesBuildPhase;
			buildActionMask = 2147483647;
			files = (
				3B46EF08250A73620077B2FB /* LaunchScreen.storyboard in Resources */,
				3B46EF05250A73620077B2FB /* Assets.xcassets in Resources */,
			);
			runOnlyForDeploymentPostprocessing = 0;
		};
/* End PBXResourcesBuildPhase section */

/* Begin PBXShellScriptBuildPhase section */
		0C0A1898C633505FA82B4C9C /* [CP] Check Pods Manifest.lock */ = {
			isa = PBXShellScriptBuildPhase;
			buildActionMask = 2147483647;
			files = (
			);
			inputFileListPaths = (
			);
			inputPaths = (
				"${PODS_PODFILE_DIR_PATH}/Podfile.lock",
				"${PODS_ROOT}/Manifest.lock",
			);
			name = "[CP] Check Pods Manifest.lock";
			outputFileListPaths = (
			);
			outputPaths = (
				"$(DERIVED_FILE_DIR)/Pods-AVDorisTestPlayer-checkManifestLockResult.txt",
			);
			runOnlyForDeploymentPostprocessing = 0;
			shellPath = /bin/sh;
			shellScript = "diff \"${PODS_PODFILE_DIR_PATH}/Podfile.lock\" \"${PODS_ROOT}/Manifest.lock\" > /dev/null\nif [ $? != 0 ] ; then\n    # print error to STDERR\n    echo \"error: The sandbox is not in sync with the Podfile.lock. Run 'pod install' or update your CocoaPods installation.\" >&2\n    exit 1\nfi\n# This output is used by Xcode 'outputs' to avoid re-running this script phase.\necho \"SUCCESS\" > \"${SCRIPT_OUTPUT_FILE_0}\"\n";
			showEnvVarsInLog = 0;
		};
		7E684F52F46934E89618493C /* [CP] Embed Pods Frameworks */ = {
			isa = PBXShellScriptBuildPhase;
			buildActionMask = 2147483647;
			files = (
			);
			inputFileListPaths = (
				"${PODS_ROOT}/Target Support Files/Pods-AVDorisTestPlayer/Pods-AVDorisTestPlayer-frameworks-${CONFIGURATION}-input-files.xcfilelist",
			);
			name = "[CP] Embed Pods Frameworks";
			outputFileListPaths = (
				"${PODS_ROOT}/Target Support Files/Pods-AVDorisTestPlayer/Pods-AVDorisTestPlayer-frameworks-${CONFIGURATION}-output-files.xcfilelist",
			);
			runOnlyForDeploymentPostprocessing = 0;
			shellPath = /bin/sh;
			shellScript = "\"${PODS_ROOT}/Target Support Files/Pods-AVDorisTestPlayer/Pods-AVDorisTestPlayer-frameworks.sh\"\n";
			showEnvVarsInLog = 0;
		};
		EF2696C8AE2907E67BFF9DBD /* [CP] Copy Pods Resources */ = {
			isa = PBXShellScriptBuildPhase;
			buildActionMask = 2147483647;
			files = (
			);
			inputFileListPaths = (
				"${PODS_ROOT}/Target Support Files/Pods-AVDorisTestPlayer/Pods-AVDorisTestPlayer-resources-${CONFIGURATION}-input-files.xcfilelist",
			);
			name = "[CP] Copy Pods Resources";
			outputFileListPaths = (
				"${PODS_ROOT}/Target Support Files/Pods-AVDorisTestPlayer/Pods-AVDorisTestPlayer-resources-${CONFIGURATION}-output-files.xcfilelist",
			);
			runOnlyForDeploymentPostprocessing = 0;
			shellPath = /bin/sh;
			shellScript = "\"${PODS_ROOT}/Target Support Files/Pods-AVDorisTestPlayer/Pods-AVDorisTestPlayer-resources.sh\"\n";
			showEnvVarsInLog = 0;
		};
/* End PBXShellScriptBuildPhase section */

/* Begin PBXSourcesBuildPhase section */
		3B46EEF4250A735E0077B2FB /* Sources */ = {
			isa = PBXSourcesBuildPhase;
			buildActionMask = 2147483647;
			files = (
				DF39C6F929BA0F2200A4CF76 /* BaseTableViewCell.swift in Sources */,
				DF39C6FB29BA0F2200A4CF76 /* ScrollableView.swift in Sources */,
				DF39C6F529BA0F2200A4CF76 /* UIControl+closure.swift in Sources */,
				DF51767129CC8B6300DE2BD6 /* DicePlaybackViewController.swift in Sources */,
				DFEC0FB1298191830016E73D /* Dictionary+prettyPrinted.swift in Sources */,
				DF39C70129BA0F2200A4CF76 /* TabBarController.swift in Sources */,
				DF39C6F329BA0F2200A4CF76 /* UIView+ReuseIdentifier.swift in Sources */,
				DF39C70029BA0F2200A4CF76 /* DownloadsViewController.swift in Sources */,
				DF39C6F629BA0F2200A4CF76 /* UIView+Subviews.swift in Sources */,
				DF39C6F829BA0F2200A4CF76 /* BaseViewController.swift in Sources */,
				87BE605D2B63CD7B006EE1D0 /* AdsMacroHeadersBuilder.swift in Sources */,
				DF7DCA5C2C25D47A001EBA8B /* VesperPlayerViewController.swift in Sources */,
				DF39C70729BA0F2200A4CF76 /* NetworkingManager.swift in Sources */,
				DF39C6EF29BA0F2200A4CF76 /* UIView+autolayoutSize.swift in Sources */,
				DF39C70E29BA1F4600A4CF76 /* UITableview+generics.swift in Sources */,
				3B46EF00250A735F0077B2FB /* DemoPlaybackViewController.swift in Sources */,
				DF51767329CC9EC100DE2BD6 /* UIView+keyboard.swift in Sources */,
				DF39C6F229BA0F2200A4CF76 /* UIView+ReturnAnchors.swift in Sources */,
				DFB8439328CB8E87003BDC74 /* CustomAVPlayerViewController.swift in Sources */,
				DF39C6FF29BA0F2200A4CF76 /* DownloadTableViewCell.swift in Sources */,
				DF39C70829BA0F2200A4CF76 /* LoadingOverlay.swift in Sources */,
				DF39C6FE29BA0F2200A4CF76 /* DownloadsPresenter.swift in Sources */,
				3B46EEFC250A735F0077B2FB /* AppDelegate.swift in Sources */,
				DF39C6FC29BA0F2200A4CF76 /* BaseView.swift in Sources */,
				DF39C6F429BA0F2200A4CF76 /* UIView+LayoutGuide.swift in Sources */,
				DF39C70B29BA0F5E00A4CF76 /* Constants.swift in Sources */,
				DF39C6F029BA0F2200A4CF76 /* UIView+Anchors.swift in Sources */,
			);
			runOnlyForDeploymentPostprocessing = 0;
		};
/* End PBXSourcesBuildPhase section */

/* Begin PBXVariantGroup section */
		3B46EF06250A73620077B2FB /* LaunchScreen.storyboard */ = {
			isa = PBXVariantGroup;
			children = (
				3B46EF07250A73620077B2FB /* Base */,
			);
			name = LaunchScreen.storyboard;
			sourceTree = "<group>";
		};
/* End PBXVariantGroup section */

/* Begin XCBuildConfiguration section */
		3B46EF0A250A73620077B2FB /* Debug */ = {
			isa = XCBuildConfiguration;
			buildSettings = {
				ALWAYS_SEARCH_USER_PATHS = NO;
				CLANG_ANALYZER_NONNULL = YES;
				CLANG_ANALYZER_NUMBER_OBJECT_CONVERSION = YES_AGGRESSIVE;
				CLANG_CXX_LANGUAGE_STANDARD = "gnu++14";
				CLANG_CXX_LIBRARY = "libc++";
				CLANG_ENABLE_MODULES = YES;
				CLANG_ENABLE_OBJC_ARC = YES;
				CLANG_ENABLE_OBJC_WEAK = YES;
				CLANG_WARN_BLOCK_CAPTURE_AUTORELEASING = YES;
				CLANG_WARN_BOOL_CONVERSION = YES;
				CLANG_WARN_COMMA = YES;
				CLANG_WARN_CONSTANT_CONVERSION = YES;
				CLANG_WARN_DEPRECATED_OBJC_IMPLEMENTATIONS = YES;
				CLANG_WARN_DIRECT_OBJC_ISA_USAGE = YES_ERROR;
				CLANG_WARN_DOCUMENTATION_COMMENTS = YES;
				CLANG_WARN_EMPTY_BODY = YES;
				CLANG_WARN_ENUM_CONVERSION = YES;
				CLANG_WARN_INFINITE_RECURSION = YES;
				CLANG_WARN_INT_CONVERSION = YES;
				CLANG_WARN_NON_LITERAL_NULL_CONVERSION = YES;
				CLANG_WARN_OBJC_IMPLICIT_RETAIN_SELF = YES;
				CLANG_WARN_OBJC_LITERAL_CONVERSION = YES;
				CLANG_WARN_OBJC_ROOT_CLASS = YES_ERROR;
				CLANG_WARN_RANGE_LOOP_ANALYSIS = YES;
				CLANG_WARN_STRICT_PROTOTYPES = YES;
				CLANG_WARN_SUSPICIOUS_MOVE = YES;
				CLANG_WARN_UNGUARDED_AVAILABILITY = YES_AGGRESSIVE;
				CLANG_WARN_UNREACHABLE_CODE = YES;
				CLANG_WARN__DUPLICATE_METHOD_MATCH = YES;
				COPY_PHASE_STRIP = NO;
				DEBUG_INFORMATION_FORMAT = dwarf;
				ENABLE_STRICT_OBJC_MSGSEND = YES;
				ENABLE_TESTABILITY = YES;
				GCC_C_LANGUAGE_STANDARD = gnu11;
				GCC_DYNAMIC_NO_PIC = NO;
				GCC_NO_COMMON_BLOCKS = YES;
				GCC_OPTIMIZATION_LEVEL = 0;
				GCC_PREPROCESSOR_DEFINITIONS = (
					"DEBUG=1",
					"$(inherited)",
				);
				GCC_WARN_64_TO_32_BIT_CONVERSION = YES;
				GCC_WARN_ABOUT_RETURN_TYPE = YES_ERROR;
				GCC_WARN_UNDECLARED_SELECTOR = YES;
				GCC_WARN_UNINITIALIZED_AUTOS = YES_AGGRESSIVE;
				GCC_WARN_UNUSED_FUNCTION = YES;
				GCC_WARN_UNUSED_VARIABLE = YES;
				IPHONEOS_DEPLOYMENT_TARGET = 13.7;
				MTL_ENABLE_DEBUG_INFO = INCLUDE_SOURCE;
				MTL_FAST_MATH = YES;
				ONLY_ACTIVE_ARCH = YES;
				SDKROOT = iphoneos;
				SWIFT_ACTIVE_COMPILATION_CONDITIONS = DEBUG;
				SWIFT_OPTIMIZATION_LEVEL = "-Onone";
			};
			name = Debug;
		};
		3B46EF0B250A73620077B2FB /* Release */ = {
			isa = XCBuildConfiguration;
			buildSettings = {
				ALWAYS_SEARCH_USER_PATHS = NO;
				CLANG_ANALYZER_NONNULL = YES;
				CLANG_ANALYZER_NUMBER_OBJECT_CONVERSION = YES_AGGRESSIVE;
				CLANG_CXX_LANGUAGE_STANDARD = "gnu++14";
				CLANG_CXX_LIBRARY = "libc++";
				CLANG_ENABLE_MODULES = YES;
				CLANG_ENABLE_OBJC_ARC = YES;
				CLANG_ENABLE_OBJC_WEAK = YES;
				CLANG_WARN_BLOCK_CAPTURE_AUTORELEASING = YES;
				CLANG_WARN_BOOL_CONVERSION = YES;
				CLANG_WARN_COMMA = YES;
				CLANG_WARN_CONSTANT_CONVERSION = YES;
				CLANG_WARN_DEPRECATED_OBJC_IMPLEMENTATIONS = YES;
				CLANG_WARN_DIRECT_OBJC_ISA_USAGE = YES_ERROR;
				CLANG_WARN_DOCUMENTATION_COMMENTS = YES;
				CLANG_WARN_EMPTY_BODY = YES;
				CLANG_WARN_ENUM_CONVERSION = YES;
				CLANG_WARN_INFINITE_RECURSION = YES;
				CLANG_WARN_INT_CONVERSION = YES;
				CLANG_WARN_NON_LITERAL_NULL_CONVERSION = YES;
				CLANG_WARN_OBJC_IMPLICIT_RETAIN_SELF = YES;
				CLANG_WARN_OBJC_LITERAL_CONVERSION = YES;
				CLANG_WARN_OBJC_ROOT_CLASS = YES_ERROR;
				CLANG_WARN_RANGE_LOOP_ANALYSIS = YES;
				CLANG_WARN_STRICT_PROTOTYPES = YES;
				CLANG_WARN_SUSPICIOUS_MOVE = YES;
				CLANG_WARN_UNGUARDED_AVAILABILITY = YES_AGGRESSIVE;
				CLANG_WARN_UNREACHABLE_CODE = YES;
				CLANG_WARN__DUPLICATE_METHOD_MATCH = YES;
				COPY_PHASE_STRIP = NO;
				DEBUG_INFORMATION_FORMAT = "dwarf-with-dsym";
				ENABLE_NS_ASSERTIONS = NO;
				ENABLE_STRICT_OBJC_MSGSEND = YES;
				GCC_C_LANGUAGE_STANDARD = gnu11;
				GCC_NO_COMMON_BLOCKS = YES;
				GCC_WARN_64_TO_32_BIT_CONVERSION = YES;
				GCC_WARN_ABOUT_RETURN_TYPE = YES_ERROR;
				GCC_WARN_UNDECLARED_SELECTOR = YES;
				GCC_WARN_UNINITIALIZED_AUTOS = YES_AGGRESSIVE;
				GCC_WARN_UNUSED_FUNCTION = YES;
				GCC_WARN_UNUSED_VARIABLE = YES;
				IPHONEOS_DEPLOYMENT_TARGET = 13.7;
				MTL_ENABLE_DEBUG_INFO = NO;
				MTL_FAST_MATH = YES;
				SDKROOT = iphoneos;
				SWIFT_COMPILATION_MODE = wholemodule;
				SWIFT_OPTIMIZATION_LEVEL = "-O";
				VALIDATE_PRODUCT = YES;
			};
			name = Release;
		};
		3B46EF0D250A73620077B2FB /* Debug */ = {
			isa = XCBuildConfiguration;
			baseConfigurationReference = 355F6F4EA3C07D0D17954E30 /* Pods-AVDorisTestPlayer.debug.xcconfig */;
			buildSettings = {
				ASSETCATALOG_COMPILER_APPICON_NAME = AppIcon;
				CODE_SIGN_ENTITLEMENTS = AVDorisTestPlayer/AVDorisTestPlayer.entitlements;
				CODE_SIGN_STYLE = Automatic;
				DEVELOPMENT_TEAM = PY4CZ36YFN;
				FRAMEWORK_SEARCH_PATHS = (
					"$(inherited)",
					"\"${PODS_CONFIGURATION_BUILD_DIR}/DeviceKit\"",
					"\"${PODS_CONFIGURATION_BUILD_DIR}/Protobuf\"",
					"\"${PODS_ROOT}/AVDoris/iphoneFrameworksCORE\"",
					"\"${PODS_ROOT}/google-cast-sdk/GoogleCastSDK-ios-4.7.0_static\"",
					"\"${PODS_XCFRAMEWORKS_BUILD_DIR}/AVDoris/Core\"",
					"\"$(SRCROOT)/../vesper-sdk-apple/tmp\"/**",
				);
				INFOPLIST_FILE = AVDorisTestPlayer/Info.plist;
				IPHONEOS_DEPLOYMENT_TARGET = 14.0;
				LD_RUNPATH_SEARCH_PATHS = (
					"$(inherited)",
					"@executable_path/Frameworks",
				);
				PRODUCT_BUNDLE_IDENTIFIER = com.dce.AVDoris;
				PRODUCT_NAME = "$(TARGET_NAME)";
				SWIFT_VERSION = 5.0;
				TARGETED_DEVICE_FAMILY = "1,2";
			};
			name = Debug;
		};
		3B46EF0E250A73620077B2FB /* Release */ = {
			isa = XCBuildConfiguration;
			baseConfigurationReference = 7E77BD89ACC616CCB3609504 /* Pods-AVDorisTestPlayer.release.xcconfig */;
			buildSettings = {
				ASSETCATALOG_COMPILER_APPICON_NAME = AppIcon;
				CODE_SIGN_ENTITLEMENTS = AVDorisTestPlayer/AVDorisTestPlayer.entitlements;
				CODE_SIGN_STYLE = Automatic;
				DEVELOPMENT_TEAM = PY4CZ36YFN;
				FRAMEWORK_SEARCH_PATHS = (
					"$(inherited)",
					"\"${PODS_CONFIGURATION_BUILD_DIR}/DeviceKit\"",
					"\"${PODS_CONFIGURATION_BUILD_DIR}/Protobuf\"",
					"\"${PODS_ROOT}/AVDoris/iphoneFrameworksCORE\"",
					"\"${PODS_ROOT}/google-cast-sdk/GoogleCastSDK-ios-4.7.0_static\"",
					"\"${PODS_XCFRAMEWORKS_BUILD_DIR}/AVDoris/Core\"",
				);
				INFOPLIST_FILE = AVDorisTestPlayer/Info.plist;
				IPHONEOS_DEPLOYMENT_TARGET = 14.0;
				LD_RUNPATH_SEARCH_PATHS = (
					"$(inherited)",
					"@executable_path/Frameworks",
				);
				PRODUCT_BUNDLE_IDENTIFIER = com.dce.AVDoris;
				PRODUCT_NAME = "$(TARGET_NAME)";
				SWIFT_VERSION = 5.0;
				TARGETED_DEVICE_FAMILY = "1,2";
			};
			name = Release;
		};
/* End XCBuildConfiguration section */

/* Begin XCConfigurationList section */
		3B46EEF3250A735E0077B2FB /* Build configuration list for PBXProject "AVDorisTestPlayer" */ = {
			isa = XCConfigurationList;
			buildConfigurations = (
				3B46EF0A250A73620077B2FB /* Debug */,
				3B46EF0B250A73620077B2FB /* Release */,
			);
			defaultConfigurationIsVisible = 0;
			defaultConfigurationName = Release;
		};
		3B46EF0C250A73620077B2FB /* Build configuration list for PBXNativeTarget "AVDorisTestPlayer" */ = {
			isa = XCConfigurationList;
			buildConfigurations = (
				3B46EF0D250A73620077B2FB /* Debug */,
				3B46EF0E250A73620077B2FB /* Release */,
			);
			defaultConfigurationIsVisible = 0;
			defaultConfigurationName = Release;
		};
/* End XCConfigurationList section */
	};
	rootObject = 3B46EEF0250A735E0077B2FB /* Project object */;
}
